
Microsoft Visual Studio Solution File, Format Version 12.00
# Visual Studio 15
Project("{FAE04EC0-301F-11D3-BF4B-00C04F79EFBC}") = "Assembly-CSharp", "Assembly-CSharp.csproj", "{0EB1319B-FEDF-C07C-AC16-984EB622EBEE}"
EndProject
Project("{FAE04EC0-301F-11D3-BF4B-00C04F79EFBC}") = "Assembly-CSharp-Editor", "Assembly-CSharp-Editor.csproj", "{9C9EC6E1-A20E-1052-050C-38E4DB63AA42}"
EndProject
Global
	GlobalSection(SolutionConfigurationPlatforms) = preSolution
		Debug|Any CPU = Debug|Any CPU
		Release|Any CPU = Release|Any CPU
	EndGlobalSection
	GlobalSection(ProjectConfigurationPlatforms) = postSolution
		{0EB1319B-FEDF-C07C-AC16-984EB622EBEE}.Debug|Any CPU.ActiveCfg = Debug|Any CPU
		{0EB1319B-FEDF-C07C-AC16-984EB622EBEE}.Debug|Any CPU.Build.0 = Debug|Any CPU
		{0EB1319B-FEDF-C07C-AC16-984EB622EBEE}.Release|Any CPU.ActiveCfg = Release|Any CPU
		{0EB1319B-FEDF-C07C-AC16-984EB622EBEE}.Release|Any CPU.Build.0 = Release|Any CPU
		{9C9EC6E1-A20E-1052-050C-38E4DB63AA42}.Debug|Any CPU.ActiveCfg = Debug|Any CPU
		{9C9EC6E1-A20E-1052-050C-38E4DB63AA42}.Debug|Any CPU.Build.0 = Debug|Any CPU
		{9C9EC6E1-A20E-1052-050C-38E4DB63AA42}.Release|Any CPU.ActiveCfg = Release|Any CPU
		{9C9EC6E1-A20E-1052-050C-38E4DB63AA42}.Release|Any CPU.Build.0 = Release|Any CPU
	EndGlobalSection
	GlobalSection(SolutionProperties) = preSolution
		HideSolutionNode = FALSE
	EndGlobalSection
EndGlobal
